
Microsoft Visual Studio Solution File, Format Version 12.00
# Visual Studio Version 17
VisualStudioVersion = 17.6.33829.357
MinimumVisualStudioVersion = 10.0.40219.1
Project("{FAE04EC0-301F-11D3-BF4B-00C04F79EFBC}") = "Cine_1989", "Cine_1989.csproj", "{53A479FC-D43F-41F2-AAF3-2E7B692B8C90}"
EndProject
Global
	GlobalSection(SolutionConfigurationPlatforms) = preSolution
		Debug|Any CPU = Debug|Any CPU
		Release|Any CPU = Release|Any CPU
	EndGlobalSection
	GlobalSection(ProjectConfigurationPlatforms) = postSolution
		{53A479FC-D43F-41F2-AAF3-2E7B692B8C90}.Debug|Any CPU.ActiveCfg = Debug|Any CPU
		{53A479FC-D43F-41F2-AAF3-2E7B692B8C90}.Debug|Any CPU.Build.0 = Debug|Any CPU
		{53A479FC-D43F-41F2-AAF3-2E7B692B8C90}.Release|Any CPU.ActiveCfg = Release|Any CPU
		{53A479FC-D43F-41F2-AAF3-2E7B692B8C90}.Release|Any CPU.Build.0 = Release|Any CPU
	EndGlobalSection
	GlobalSection(SolutionProperties) = preSolution
		HideSolutionNode = FALSE
	EndGlobalSection
	GlobalSection(ExtensibilityGlobals) = postSolution
		SolutionGuid = {DE0047E8-4CD1-4143-8A50-7B122D99084F}
	EndGlobalSection
EndGlobal
